
Microsoft Visual Studio Solution File, Format Version 12.00
# Visual Studio Version 17
VisualStudioVersion = 17.1.32421.90
MinimumVisualStudioVersion = 10.0.40219.1
Project("{8BC9CEB8-8B4A-11D0-8D11-00A0C91BC942}") = "Lab8_2_dll", "Lab8_2_dll\Lab8_2_dll.vcxproj", "{D91D9E45-745C-424B-B789-6F72FBB530DF}"
EndProject
Global
	GlobalSection(SolutionConfigurationPlatforms) = preSolution
		Debug|x64 = Debug|x64
		Debug|x86 = Debug|x86
		Release|x64 = Release|x64
		Release|x86 = Release|x86
	EndGlobalSection
	GlobalSection(ProjectConfigurationPlatforms) = postSolution
		{D91D9E45-745C-424B-B789-6F72FBB530DF}.Debug|x64.ActiveCfg = Debug|x64
		{D91D9E45-745C-424B-B789-6F72FBB530DF}.Debug|x64.Build.0 = Debug|x64
		{D91D9E45-745C-424B-B789-6F72FBB530DF}.Debug|x86.ActiveCfg = Debug|Win32
		{D91D9E45-745C-424B-B789-6F72FBB530DF}.Debug|x86.Build.0 = Debug|Win32
		{D91D9E45-745C-424B-B789-6F72FBB530DF}.Release|x64.ActiveCfg = Release|x64
		{D91D9E45-745C-424B-B789-6F72FBB530DF}.Release|x64.Build.0 = Release|x64
		{D91D9E45-745C-424B-B789-6F72FBB530DF}.Release|x86.ActiveCfg = Release|Win32
		{D91D9E45-745C-424B-B789-6F72FBB530DF}.Release|x86.Build.0 = Release|Win32
	EndGlobalSection
	GlobalSection(SolutionProperties) = preSolution
		HideSolutionNode = FALSE
	EndGlobalSection
	GlobalSection(ExtensibilityGlobals) = postSolution
		SolutionGuid = {731F4998-E863-4F3E-962C-81006CF028B2}
	EndGlobalSection
EndGlobal
